
Microsoft Visual Studio Solution File, Format Version 12.00
# Visual Studio Version 16
VisualStudioVersion = 16.0.29306.81
MinimumVisualStudioVersion = 10.0.40219.1
Project("{FAE04EC0-301F-11D3-BF4B-00C04F79EFBC}") = "WinFormSemerbak", "WinFormSemerbak\WinFormSemerbak.csproj", "{B7A860C3-8430-49CD-9472-B38055483919}"
EndProject
Global
	GlobalSection(SolutionConfigurationPlatforms) = preSolution
		Debug|Any CPU = Debug|Any CPU
		Release|Any CPU = Release|Any CPU
	EndGlobalSection
	GlobalSection(ProjectConfigurationPlatforms) = postSolution
		{B7A860C3-8430-49CD-9472-B38055483919}.Debug|Any CPU.ActiveCfg = Debug|Any CPU
		{B7A860C3-8430-49CD-9472-B38055483919}.Debug|Any CPU.Build.0 = Debug|Any CPU
		{B7A860C3-8430-49CD-9472-B38055483919}.Release|Any CPU.ActiveCfg = Release|Any CPU
		{B7A860C3-8430-49CD-9472-B38055483919}.Release|Any CPU.Build.0 = Release|Any CPU
	EndGlobalSection
	GlobalSection(SolutionProperties) = preSolution
		HideSolutionNode = FALSE
	EndGlobalSection
	GlobalSection(ExtensibilityGlobals) = postSolution
		SolutionGuid = {63731D34-ACD2-474D-84FF-25AD533EFC7E}
	EndGlobalSection
EndGlobal
